// !$*UTF8*$!
{
	archiveVersion = 1;
	classes = {
	};
	objectVersion = 46;
	objects = {

/* Begin PBXBuildFile section */
		DE20DA781C4C93A300C2AAF0 /* Mesh.swift in Sources */ = {isa = PBXBuildFile; fileRef = DE20DA771C4C93A300C2AAF0 /* Mesh.swift */; };
		DE3236A11C67E886002D0D1A /* Image.swift in Sources */ = {isa = PBXBuildFile; fileRef = DE3236A01C67E886002D0D1A /* Image.swift */; };
		DE495B721C588F3A00D80FDD /* Math.swift in Sources */ = {isa = PBXBuildFile; fileRef = DE495B711C588F3A00D80FDD /* Math.swift */; };
		DE495B911C58A1B500D80FDD /* MathTests.swift in Sources */ = {isa = PBXBuildFile; fileRef = DE495B741C588F9C00D80FDD /* MathTests.swift */; };
		DE495B941C58A2E500D80FDD /* Math.swift in Sources */ = {isa = PBXBuildFile; fileRef = DE495B711C588F3A00D80FDD /* Math.swift */; };
		DE495B951C58A2EA00D80FDD /* Mesh.swift in Sources */ = {isa = PBXBuildFile; fileRef = DE20DA771C4C93A300C2AAF0 /* Mesh.swift */; };
		DE495B961C58A2ED00D80FDD /* main.swift in Sources */ = {isa = PBXBuildFile; fileRef = DEA06B6D1C48C72F00F9C279 /* main.swift */; };
		DEA06B6E1C48C72F00F9C279 /* main.swift in Sources */ = {isa = PBXBuildFile; fileRef = DEA06B6D1C48C72F00F9C279 /* main.swift */; };
/* End PBXBuildFile section */

/* Begin PBXCopyFilesBuildPhase section */
		DEA06B601C48C6BD00F9C279 /* CopyFiles */ = {
			isa = PBXCopyFilesBuildPhase;
			buildActionMask = 2147483647;
			dstPath = /usr/share/man/man1/;
			dstSubfolderSpec = 0;
			files = (
			);
			runOnlyForDeploymentPostprocessing = 1;
		};
/* End PBXCopyFilesBuildPhase section */

/* Begin PBXFileReference section */
		DE20DA771C4C93A300C2AAF0 /* Mesh.swift */ = {isa = PBXFileReference; fileEncoding = 4; lastKnownFileType = sourcecode.swift; name = Mesh.swift; path = Sources/Mesh.swift; sourceTree = "<group>"; };
		DE3236A01C67E886002D0D1A /* Image.swift */ = {isa = PBXFileReference; fileEncoding = 4; lastKnownFileType = sourcecode.swift; name = Image.swift; path = Sources/Image.swift; sourceTree = "<group>"; };
		DE495B711C588F3A00D80FDD /* Math.swift */ = {isa = PBXFileReference; fileEncoding = 4; lastKnownFileType = sourcecode.swift; name = Math.swift; path = Sources/Math.swift; sourceTree = "<group>"; };
		DE495B741C588F9C00D80FDD /* MathTests.swift */ = {isa = PBXFileReference; fileEncoding = 4; lastKnownFileType = sourcecode.swift; name = MathTests.swift; path = Tests/MathTests.swift; sourceTree = "<group>"; };
		DE495B881C58A10F00D80FDD /* raylang-swift-tests.xctest */ = {isa = PBXFileReference; explicitFileType = wrapper.cfbundle; includeInIndex = 0; path = "raylang-swift-tests.xctest"; sourceTree = BUILT_PRODUCTS_DIR; };
		DE495B901C58A13B00D80FDD /* Info.plist */ = {isa = PBXFileReference; fileEncoding = 4; lastKnownFileType = text.plist.xml; name = Info.plist; path = Tests/Info.plist; sourceTree = "<group>"; };
		DEA06B621C48C6BD00F9C279 /* raylang-swift */ = {isa = PBXFileReference; explicitFileType = "compiled.mach-o.executable"; includeInIndex = 0; path = "raylang-swift"; sourceTree = BUILT_PRODUCTS_DIR; };
		DEA06B6D1C48C72F00F9C279 /* main.swift */ = {isa = PBXFileReference; fileEncoding = 4; lastKnownFileType = sourcecode.swift; name = main.swift; path = Sources/main.swift; sourceTree = "<group>"; };
/* End PBXFileReference section */

/* Begin PBXFrameworksBuildPhase section */
		DE495B851C58A10F00D80FDD /* Frameworks */ = {
			isa = PBXFrameworksBuildPhase;
			buildActionMask = 2147483647;
			files = (
			);
			runOnlyForDeploymentPostprocessing = 0;
		};
		DEA06B5F1C48C6BD00F9C279 /* Frameworks */ = {
			isa = PBXFrameworksBuildPhase;
			buildActionMask = 2147483647;
			files = (
			);
			runOnlyForDeploymentPostprocessing = 0;
		};
/* End PBXFrameworksBuildPhase section */

/* Begin PBXGroup section */
		DE495B731C588F6200D80FDD /* Tests */ = {
			isa = PBXGroup;
			children = (
				DE495B741C588F9C00D80FDD /* MathTests.swift */,
				DE495B901C58A13B00D80FDD /* Info.plist */,
			);
			name = Tests;
			sourceTree = "<group>";
		};
		DEA06B591C48C6BD00F9C279 = {
			isa = PBXGroup;
			children = (
				DEA06B6C1C48C71400F9C279 /* Sources */,
				DE495B731C588F6200D80FDD /* Tests */,
				DEA06B631C48C6BD00F9C279 /* Products */,
			);
			sourceTree = "<group>";
		};
		DEA06B631C48C6BD00F9C279 /* Products */ = {
			isa = PBXGroup;
			children = (
				DEA06B621C48C6BD00F9C279 /* raylang-swift */,
				DE495B881C58A10F00D80FDD /* raylang-swift-tests.xctest */,
			);
			name = Products;
			sourceTree = "<group>";
		};
		DEA06B6C1C48C71400F9C279 /* Sources */ = {
			isa = PBXGroup;
			children = (
				DEA06B6D1C48C72F00F9C279 /* main.swift */,
				DE20DA771C4C93A300C2AAF0 /* Mesh.swift */,
				DE495B711C588F3A00D80FDD /* Math.swift */,
				DE3236A01C67E886002D0D1A /* Image.swift */,
			);
			name = Sources;
			sourceTree = "<group>";
		};
/* End PBXGroup section */

/* Begin PBXNativeTarget section */
		DE495B871C58A10F00D80FDD /* raylang-swift-tests */ = {
			isa = PBXNativeTarget;
			buildConfigurationList = DE495B8D1C58A10F00D80FDD /* Build configuration list for PBXNativeTarget "raylang-swift-tests" */;
			buildPhases = (
				DE495B841C58A10F00D80FDD /* Sources */,
				DE495B851C58A10F00D80FDD /* Frameworks */,
				DE495B861C58A10F00D80FDD /* Resources */,
			);
			buildRules = (
			);
			dependencies = (
			);
			name = "raylang-swift-tests";
			productName = "raylang-swift-tests";
			productReference = DE495B881C58A10F00D80FDD /* raylang-swift-tests.xctest */;
			productType = "com.apple.product-type.bundle.unit-test";
		};
		DEA06B611C48C6BD00F9C279 /* raylang-swift */ = {
			isa = PBXNativeTarget;
			buildConfigurationList = DEA06B691C48C6BD00F9C279 /* Build configuration list for PBXNativeTarget "raylang-swift" */;
			buildPhases = (
				DEA06B5E1C48C6BD00F9C279 /* Sources */,
				DEA06B5F1C48C6BD00F9C279 /* Frameworks */,
				DEA06B601C48C6BD00F9C279 /* CopyFiles */,
			);
			buildRules = (
			);
			dependencies = (
			);
			name = "raylang-swift";
			productName = "raylang-swift";
			productReference = DEA06B621C48C6BD00F9C279 /* raylang-swift */;
			productType = "com.apple.product-type.tool";
		};
/* End PBXNativeTarget section */

/* Begin PBXProject section */
		DEA06B5A1C48C6BD00F9C279 /* Project object */ = {
			isa = PBXProject;
			attributes = {
				LastSwiftUpdateCheck = 0720;
				LastUpgradeCheck = 0720;
				ORGANIZATIONNAME = "Timothy Chagnon";
				TargetAttributes = {
					DE495B871C58A10F00D80FDD = {
						CreatedOnToolsVersion = 7.2;
					};
					DEA06B611C48C6BD00F9C279 = {
						CreatedOnToolsVersion = 7.2;
					};
				};
			};
			buildConfigurationList = DEA06B5D1C48C6BD00F9C279 /* Build configuration list for PBXProject "raylang-swift" */;
			compatibilityVersion = "Xcode 3.2";
			developmentRegion = English;
			hasScannedForEncodings = 0;
			knownRegions = (
				en,
			);
			mainGroup = DEA06B591C48C6BD00F9C279;
			productRefGroup = DEA06B631C48C6BD00F9C279 /* Products */;
			projectDirPath = "";
			projectRoot = "";
			targets = (
				DEA06B611C48C6BD00F9C279 /* raylang-swift */,
				DE495B871C58A10F00D80FDD /* raylang-swift-tests */,
			);
		};
/* End PBXProject section */

/* Begin PBXResourcesBuildPhase section */
		DE495B861C58A10F00D80FDD /* Resources */ = {
			isa = PBXResourcesBuildPhase;
			buildActionMask = 2147483647;
			files = (
			);
			runOnlyForDeploymentPostprocessing = 0;
		};
/* End PBXResourcesBuildPhase section */

/* Begin PBXSourcesBuildPhase section */
		DE495B841C58A10F00D80FDD /* Sources */ = {
			isa = PBXSourcesBuildPhase;
			buildActionMask = 2147483647;
			files = (
				DE495B951C58A2EA00D80FDD /* Mesh.swift in Sources */,
				DE495B911C58A1B500D80FDD /* MathTests.swift in Sources */,
				DE495B961C58A2ED00D80FDD /* main.swift in Sources */,
				DE495B941C58A2E500D80FDD /* Math.swift in Sources */,
			);
			runOnlyForDeploymentPostprocessing = 0;
		};
		DEA06B5E1C48C6BD00F9C279 /* Sources */ = {
			isa = PBXSourcesBuildPhase;
			buildActionMask = 2147483647;
			files = (
				DE20DA781C4C93A300C2AAF0 /* Mesh.swift in Sources */,
				DE3236A11C67E886002D0D1A /* Image.swift in Sources */,
				DEA06B6E1C48C72F00F9C279 /* main.swift in Sources */,
				DE495B721C588F3A00D80FDD /* Math.swift in Sources */,
			);
			runOnlyForDeploymentPostprocessing = 0;
		};
/* End PBXSourcesBuildPhase section */

/* Begin XCBuildConfiguration section */
		DE495B8E1C58A10F00D80FDD /* Debug */ = {
			isa = XCBuildConfiguration;
			buildSettings = {
				"CODE_SIGN_IDENTITY[sdk=iphoneos*]" = "iPhone Developer";
				INFOPLIST_FILE = Tests/Info.plist;
				IPHONEOS_DEPLOYMENT_TARGET = 9.2;
				LD_RUNPATH_SEARCH_PATHS = "$(inherited) @executable_path/Frameworks @loader_path/Frameworks";
				PRODUCT_BUNDLE_IDENTIFIER = "tchagnon.raylang-swift-tests";
				PRODUCT_NAME = "$(TARGET_NAME)";
				SDKROOT = iphoneos;
			};
			name = Debug;
		};
		DE495B8F1C58A10F00D80FDD /* Release */ = {
			isa = XCBuildConfiguration;
			buildSettings = {
				"CODE_SIGN_IDENTITY[sdk=iphoneos*]" = "iPhone Developer";
				INFOPLIST_FILE = Tests/Info.plist;
				IPHONEOS_DEPLOYMENT_TARGET = 9.2;
				LD_RUNPATH_SEARCH_PATHS = "$(inherited) @executable_path/Frameworks @loader_path/Frameworks";
				PRODUCT_BUNDLE_IDENTIFIER = "tchagnon.raylang-swift-tests";
				PRODUCT_NAME = "$(TARGET_NAME)";
				SDKROOT = iphoneos;
				VALIDATE_PRODUCT = YES;
			};
			name = Release;
		};
		DEA06B671C48C6BD00F9C279 /* Debug */ = {
			isa = XCBuildConfiguration;
			buildSettings = {
				ALWAYS_SEARCH_USER_PATHS = NO;
				CLANG_CXX_LANGUAGE_STANDARD = "gnu++0x";
				CLANG_CXX_LIBRARY = "libc++";
				CLANG_ENABLE_MODULES = YES;
				CLANG_ENABLE_OBJC_ARC = YES;
				CLANG_WARN_BOOL_CONVERSION = YES;
				CLANG_WARN_CONSTANT_CONVERSION = YES;
				CLANG_WARN_DIRECT_OBJC_ISA_USAGE = YES_ERROR;
				CLANG_WARN_EMPTY_BODY = YES;
				CLANG_WARN_ENUM_CONVERSION = YES;
				CLANG_WARN_INT_CONVERSION = YES;
				CLANG_WARN_OBJC_ROOT_CLASS = YES_ERROR;
				CLANG_WARN_UNREACHABLE_CODE = YES;
				CLANG_WARN__DUPLICATE_METHOD_MATCH = YES;
				CODE_SIGN_IDENTITY = "-";
				COPY_PHASE_STRIP = NO;
				DEBUG_INFORMATION_FORMAT = dwarf;
				ENABLE_STRICT_OBJC_MSGSEND = YES;
				ENABLE_TESTABILITY = YES;
				GCC_C_LANGUAGE_STANDARD = gnu99;
				GCC_DYNAMIC_NO_PIC = NO;
				GCC_NO_COMMON_BLOCKS = YES;
				GCC_OPTIMIZATION_LEVEL = 0;
				GCC_PREPROCESSOR_DEFINITIONS = (
					"DEBUG=1",
					"$(inherited)",
				);
				GCC_WARN_64_TO_32_BIT_CONVERSION = YES;
				GCC_WARN_ABOUT_RETURN_TYPE = YES_ERROR;
				GCC_WARN_UNDECLARED_SELECTOR = YES;
				GCC_WARN_UNINITIALIZED_AUTOS = YES_AGGRESSIVE;
				GCC_WARN_UNUSED_FUNCTION = YES;
				GCC_WARN_UNUSED_VARIABLE = YES;
				MACOSX_DEPLOYMENT_TARGET = 10.11;
				MTL_ENABLE_DEBUG_INFO = YES;
				ONLY_ACTIVE_ARCH = YES;
				SDKROOT = macosx;
				SWIFT_OPTIMIZATION_LEVEL = "-Onone";
			};
			name = Debug;
		};
		DEA06B681C48C6BD00F9C279 /* Release */ = {
			isa = XCBuildConfiguration;
			buildSettings = {
				ALWAYS_SEARCH_USER_PATHS = NO;
				CLANG_CXX_LANGUAGE_STANDARD = "gnu++0x";
				CLANG_CXX_LIBRARY = "libc++";
				CLANG_ENABLE_MODULES = YES;
				CLANG_ENABLE_OBJC_ARC = YES;
				CLANG_WARN_BOOL_CONVERSION = YES;
				CLANG_WARN_CONSTANT_CONVERSION = YES;
				CLANG_WARN_DIRECT_OBJC_ISA_USAGE = YES_ERROR;
				CLANG_WARN_EMPTY_BODY = YES;
				CLANG_WARN_ENUM_CONVERSION = YES;
				CLANG_WARN_INT_CONVERSION = YES;
				CLANG_WARN_OBJC_ROOT_CLASS = YES_ERROR;
				CLANG_WARN_UNREACHABLE_CODE = YES;
				CLANG_WARN__DUPLICATE_METHOD_MATCH = YES;
				CODE_SIGN_IDENTITY = "-";
				COPY_PHASE_STRIP = NO;
				DEBUG_INFORMATION_FORMAT = "dwarf-with-dsym";
				ENABLE_NS_ASSERTIONS = NO;
				ENABLE_STRICT_OBJC_MSGSEND = YES;
				GCC_C_LANGUAGE_STANDARD = gnu99;
				GCC_NO_COMMON_BLOCKS = YES;
				GCC_WARN_64_TO_32_BIT_CONVERSION = YES;
				GCC_WARN_ABOUT_RETURN_TYPE = YES_ERROR;
				GCC_WARN_UNDECLARED_SELECTOR = YES;
				GCC_WARN_UNINITIALIZED_AUTOS = YES_AGGRESSIVE;
				GCC_WARN_UNUSED_FUNCTION = YES;
				GCC_WARN_UNUSED_VARIABLE = YES;
				MACOSX_DEPLOYMENT_TARGET = 10.11;
				MTL_ENABLE_DEBUG_INFO = NO;
				SDKROOT = macosx;
			};
			name = Release;
		};
		DEA06B6A1C48C6BD00F9C279 /* Debug */ = {
			isa = XCBuildConfiguration;
			buildSettings = {
				CLANG_ENABLE_MODULES = YES;
				HEADER_SEARCH_PATHS = /usr/local/include;
				LD_RUNPATH_SEARCH_PATHS = "$(inherited) @executable_path/../Frameworks @loader_path/../Frameworks";
				LIBRARY_SEARCH_PATHS = /usr/local/lib;
				PRODUCT_NAME = "$(TARGET_NAME)";
				SWIFT_INCLUDE_PATHS = "Packages/**";
				SWIFT_OPTIMIZATION_LEVEL = "-Onone";
			};
			name = Debug;
		};
		DEA06B6B1C48C6BD00F9C279 /* Release */ = {
			isa = XCBuildConfiguration;
			buildSettings = {
				CLANG_ENABLE_MODULES = YES;
				HEADER_SEARCH_PATHS = /usr/local/include;
				LD_RUNPATH_SEARCH_PATHS = "$(inherited) @executable_path/../Frameworks @loader_path/../Frameworks";
				LIBRARY_SEARCH_PATHS = /usr/local/lib;
				PRODUCT_NAME = "$(TARGET_NAME)";
				SWIFT_INCLUDE_PATHS = "Packages/**";
			};
			name = Release;
		};
/* End XCBuildConfiguration section */

/* Begin XCConfigurationList section */
		DE495B8D1C58A10F00D80FDD /* Build configuration list for PBXNativeTarget "raylang-swift-tests" */ = {
			isa = XCConfigurationList;
			buildConfigurations = (
				DE495B8E1C58A10F00D80FDD /* Debug */,
				DE495B8F1C58A10F00D80FDD /* Release */,
			);
			defaultConfigurationIsVisible = 0;
			defaultConfigurationName = Release;
		};
		DEA06B5D1C48C6BD00F9C279 /* Build configuration list for PBXProject "raylang-swift" */ = {
			isa = XCConfigurationList;
			buildConfigurations = (
				DEA06B671C48C6BD00F9C279 /* Debug */,
				DEA06B681C48C6BD00F9C279 /* Release */,
			);
			defaultConfigurationIsVisible = 0;
			defaultConfigurationName = Release;
		};
		DEA06B691C48C6BD00F9C279 /* Build configuration list for PBXNativeTarget "raylang-swift" */ = {
			isa = XCConfigurationList;
			buildConfigurations = (
				DEA06B6A1C48C6BD00F9C279 /* Debug */,
				DEA06B6B1C48C6BD00F9C279 /* Release */,
			);
			defaultConfigurationIsVisible = 0;
			defaultConfigurationName = Release;
		};
/* End XCConfigurationList section */
	};
	rootObject = DEA06B5A1C48C6BD00F9C279 /* Project object */;
}
